<?xml version="1.0" encoding="UTF-8" standalone="yes" ?>
<CodeBlocks_project_file>
	<FileVersion major="1" minor="6" />
	<Project>
		<Option title="AdaptiveDStar" />
		<Option pch_mode="2" />
		<Option compiler="gcc" />
		<Build>
			<Target title="Debug">
				<Option output="bin\Debug\AdaptiveDStar" prefix_auto="1" extension_auto="1" />
				<Option object_output="obj\Debug\" />
				<Option type="1" />
				<Option compiler="gcc" />
				<Compiler>
					<Add option="-g" />
				</Compiler>
				<Linker>
					<Add library="C:\Program Files\CGAL-4.2\lib\libCGAL.a" />
					<Add library="C:\MinGW\lib\libboost_system.a" />
					<Add library="C:\MinGW\lib\libboost_thread.a" />
				</Linker>
			</Target>
			<Target title="Release">
				<Option output="bin\Release\AdaptiveDStar" prefix_auto="1" extension_auto="1" />
				<Option object_output="obj\Release\" />
				<Option type="1" />
				<Option compiler="gcc" />
				<Compiler>
					<Add option="-O2" />
				</Compiler>
				<Linker>
					<Add option="-s" />
				</Linker>
			</Target>
		</Build>
		<Compiler>
			<Add option="-Wall" />
			<Add directory="C:\Program Files\CGAL-4.2\include" />
			<Add directory="C:\Program Files\CGAL-4.2\auxiliary\gmp\include" />
		</Compiler>
		<Unit filename="Driver.cpp" />
		<Unit filename="GraphGen.h" />
		<Unit filename="Helpers.h" />
		<Unit filename="Interface.h" />
		<Unit filename="NodeManager.h" />
		<Unit filename="NodeUpdator.h" />
		<Unit filename="Pathfinder.h" />
		<Unit filename="UpdateHelpers.h" />
		<Unit filename="WeightedGraph.h" />
		<Extensions>
			<code_completion />
			<debugger />
		</Extensions>
	</Project>
</CodeBlocks_project_file>
